
Microsoft Visual Studio Solution File, Format Version 12.00
# Visual Studio Version 16
VisualStudioVersion = 16.0.30717.126
MinimumVisualStudioVersion = 10.0.40219.1
Project("{9A19103F-16F7-4668-BE54-9A1E7A4F7556}") = "Projektarbete-Backend", "Projektarbete-Intake-Backend\Projektarbete-Backend.csproj", "{55296722-FD3D-45BA-B215-B801D4AF80CE}"
EndProject
Project("{9A19103F-16F7-4668-BE54-9A1E7A4F7556}") = "BackendTests", "BackendTests\BackendTests.csproj", "{B2D8F854-3ADE-4F44-B48A-925CC2CEDBD9}"
EndProject
Global
	GlobalSection(SolutionConfigurationPlatforms) = preSolution
		Debug|Any CPU = Debug|Any CPU
		Release|Any CPU = Release|Any CPU
	EndGlobalSection
	GlobalSection(ProjectConfigurationPlatforms) = postSolution
		{55296722-FD3D-45BA-B215-B801D4AF80CE}.Debug|Any CPU.ActiveCfg = Debug|Any CPU
		{55296722-FD3D-45BA-B215-B801D4AF80CE}.Debug|Any CPU.Build.0 = Debug|Any CPU
		{55296722-FD3D-45BA-B215-B801D4AF80CE}.Release|Any CPU.ActiveCfg = Release|Any CPU
		{55296722-FD3D-45BA-B215-B801D4AF80CE}.Release|Any CPU.Build.0 = Release|Any CPU
		{B2D8F854-3ADE-4F44-B48A-925CC2CEDBD9}.Debug|Any CPU.ActiveCfg = Debug|Any CPU
		{B2D8F854-3ADE-4F44-B48A-925CC2CEDBD9}.Debug|Any CPU.Build.0 = Debug|Any CPU
		{B2D8F854-3ADE-4F44-B48A-925CC2CEDBD9}.Release|Any CPU.ActiveCfg = Release|Any CPU
		{B2D8F854-3ADE-4F44-B48A-925CC2CEDBD9}.Release|Any CPU.Build.0 = Release|Any CPU
	EndGlobalSection
	GlobalSection(SolutionProperties) = preSolution
		HideSolutionNode = FALSE
	EndGlobalSection
	GlobalSection(ExtensibilityGlobals) = postSolution
		SolutionGuid = {A93AF39D-D429-435F-8DE7-5F23286ABD88}
	EndGlobalSection
EndGlobal
